
Microsoft Visual Studio Solution File, Format Version 12.00
# Visual Studio Version 17
VisualStudioVersion = 17.10.35013.160
MinimumVisualStudioVersion = 10.0.40219.1
Project("{9A19103F-16F7-4668-BE54-9A1E7A4F7556}") = "BleSdkMauiPoc", "BleSdkMauiPoc.csproj", "{C4ED7623-F7C8-4F88-A8A4-35179478A023}"
EndProject
Project("{9A19103F-16F7-4668-BE54-9A1E7A4F7556}") = "AndroidBindingSdk", "..\AndroidBindingSdk\AndroidBindingSdk.csproj", "{EA467F9C-0827-48EF-9453-00E8789D2B34}"
EndProject
Project("{FAE04EC0-301F-11D3-BF4B-00C04F79EFBC}") = "IosBindingSdk", "..\IosBindingSdk\IosBindingSdk.csproj", "{131F98B1-5491-4815-95E1-E53ACEBC499F}"
EndProject
Global
	GlobalSection(SolutionConfigurationPlatforms) = preSolution
		Debug|Any CPU = Debug|Any CPU
		Release|Any CPU = Release|Any CPU
	EndGlobalSection
	GlobalSection(ProjectConfigurationPlatforms) = postSolution
		{C4ED7623-F7C8-4F88-A8A4-35179478A023}.Debug|Any CPU.ActiveCfg = Debug|Any CPU
		{C4ED7623-F7C8-4F88-A8A4-35179478A023}.Debug|Any CPU.Build.0 = Debug|Any CPU
		{C4ED7623-F7C8-4F88-A8A4-35179478A023}.Debug|Any CPU.Deploy.0 = Debug|Any CPU
		{C4ED7623-F7C8-4F88-A8A4-35179478A023}.Release|Any CPU.ActiveCfg = Release|Any CPU
		{C4ED7623-F7C8-4F88-A8A4-35179478A023}.Release|Any CPU.Build.0 = Release|Any CPU
		{C4ED7623-F7C8-4F88-A8A4-35179478A023}.Release|Any CPU.Deploy.0 = Release|Any CPU
		{EA467F9C-0827-48EF-9453-00E8789D2B34}.Debug|Any CPU.ActiveCfg = Debug|Any CPU
		{EA467F9C-0827-48EF-9453-00E8789D2B34}.Debug|Any CPU.Build.0 = Debug|Any CPU
		{EA467F9C-0827-48EF-9453-00E8789D2B34}.Release|Any CPU.ActiveCfg = Release|Any CPU
		{EA467F9C-0827-48EF-9453-00E8789D2B34}.Release|Any CPU.Build.0 = Release|Any CPU
		{131F98B1-5491-4815-95E1-E53ACEBC499F}.Debug|Any CPU.ActiveCfg = Debug|Any CPU
		{131F98B1-5491-4815-95E1-E53ACEBC499F}.Debug|Any CPU.Build.0 = Debug|Any CPU
		{131F98B1-5491-4815-95E1-E53ACEBC499F}.Release|Any CPU.ActiveCfg = Release|Any CPU
		{131F98B1-5491-4815-95E1-E53ACEBC499F}.Release|Any CPU.Build.0 = Release|Any CPU
	EndGlobalSection
	GlobalSection(SolutionProperties) = preSolution
		HideSolutionNode = FALSE
	EndGlobalSection
	GlobalSection(ExtensibilityGlobals) = postSolution
		SolutionGuid = {1C4F71F7-F9D3-4F7B-B04D-07DF647CD784}
	EndGlobalSection
EndGlobal
